
Microsoft Visual Studio Solution File, Format Version 12.00
# Visual Studio Version 17
VisualStudioVersion = 17.0.31903.59
MinimumVisualStudioVersion = 10.0.40219.1
Project("{FAE04EC0-301F-11D3-BF4B-00C04F79EFBC}") = "ExercisesDesignPatterns", "ExercisesDesignPatterns\ExercisesDesignPatterns.csproj", "{5CC4E018-1CE7-40E9-B05C-1D4D63ED469F}"
EndProject
Project("{FAE04EC0-301F-11D3-BF4B-00C04F79EFBC}") = "SingletonPattern", "SingletonPattern\SingletonPattern.csproj", "{4FD487EB-3B97-4C77-912B-0D5BCEDEA781}"
EndProject
Project("{FAE04EC0-301F-11D3-BF4B-00C04F79EFBC}") = "AdapterPattern", "AdapterPattern\AdapterPattern.csproj", "{6097202C-0434-4364-A840-A908538A7751}"
EndProject
Project("{FAE04EC0-301F-11D3-BF4B-00C04F79EFBC}") = "FacadePattern", "FacadePattern\FacadePattern.csproj", "{03DD3744-CAB0-49A6-9B77-2E22F36EF7BF}"
EndProject
Project("{FAE04EC0-301F-11D3-BF4B-00C04F79EFBC}") = "DecoratorPattern", "DecoratorPattern\DecoratorPattern.csproj", "{EE7C2C42-D65C-46DB-BC8A-85A5F177E1B2}"
EndProject
Project("{FAE04EC0-301F-11D3-BF4B-00C04F79EFBC}") = "FactoryPattern", "FactoryPattern\FactoryPattern.csproj", "{69F81374-76A6-4A1C-B281-420CD50F3E84}"
EndProject
Project("{FAE04EC0-301F-11D3-BF4B-00C04F79EFBC}") = "CommandPattern", "CommandPattern\CommandPattern.csproj", "{DD711A1E-B642-45A1-9449-5FA03B801416}"
EndProject
Project("{FAE04EC0-301F-11D3-BF4B-00C04F79EFBC}") = "AbstractFactoryPattern", "AbstractFactoryPattern\AbstractFactoryPattern.csproj", "{BFA2CB07-DFE0-4191-AFB4-ACBD16DA99E3}"
EndProject
Global
	GlobalSection(SolutionConfigurationPlatforms) = preSolution
		Debug|Any CPU = Debug|Any CPU
		Release|Any CPU = Release|Any CPU
	EndGlobalSection
	GlobalSection(ProjectConfigurationPlatforms) = postSolution
		{5CC4E018-1CE7-40E9-B05C-1D4D63ED469F}.Debug|Any CPU.ActiveCfg = Debug|Any CPU
		{5CC4E018-1CE7-40E9-B05C-1D4D63ED469F}.Debug|Any CPU.Build.0 = Debug|Any CPU
		{5CC4E018-1CE7-40E9-B05C-1D4D63ED469F}.Release|Any CPU.ActiveCfg = Release|Any CPU
		{5CC4E018-1CE7-40E9-B05C-1D4D63ED469F}.Release|Any CPU.Build.0 = Release|Any CPU
		{4FD487EB-3B97-4C77-912B-0D5BCEDEA781}.Debug|Any CPU.ActiveCfg = Debug|Any CPU
		{4FD487EB-3B97-4C77-912B-0D5BCEDEA781}.Debug|Any CPU.Build.0 = Debug|Any CPU
		{4FD487EB-3B97-4C77-912B-0D5BCEDEA781}.Release|Any CPU.ActiveCfg = Release|Any CPU
		{4FD487EB-3B97-4C77-912B-0D5BCEDEA781}.Release|Any CPU.Build.0 = Release|Any CPU
		{6097202C-0434-4364-A840-A908538A7751}.Debug|Any CPU.ActiveCfg = Debug|Any CPU
		{6097202C-0434-4364-A840-A908538A7751}.Debug|Any CPU.Build.0 = Debug|Any CPU
		{6097202C-0434-4364-A840-A908538A7751}.Release|Any CPU.ActiveCfg = Release|Any CPU
		{6097202C-0434-4364-A840-A908538A7751}.Release|Any CPU.Build.0 = Release|Any CPU
		{03DD3744-CAB0-49A6-9B77-2E22F36EF7BF}.Debug|Any CPU.ActiveCfg = Debug|Any CPU
		{03DD3744-CAB0-49A6-9B77-2E22F36EF7BF}.Debug|Any CPU.Build.0 = Debug|Any CPU
		{03DD3744-CAB0-49A6-9B77-2E22F36EF7BF}.Release|Any CPU.ActiveCfg = Release|Any CPU
		{03DD3744-CAB0-49A6-9B77-2E22F36EF7BF}.Release|Any CPU.Build.0 = Release|Any CPU
		{EE7C2C42-D65C-46DB-BC8A-85A5F177E1B2}.Debug|Any CPU.ActiveCfg = Debug|Any CPU
		{EE7C2C42-D65C-46DB-BC8A-85A5F177E1B2}.Debug|Any CPU.Build.0 = Debug|Any CPU
		{EE7C2C42-D65C-46DB-BC8A-85A5F177E1B2}.Release|Any CPU.ActiveCfg = Release|Any CPU
		{EE7C2C42-D65C-46DB-BC8A-85A5F177E1B2}.Release|Any CPU.Build.0 = Release|Any CPU
		{69F81374-76A6-4A1C-B281-420CD50F3E84}.Debug|Any CPU.ActiveCfg = Debug|Any CPU
		{69F81374-76A6-4A1C-B281-420CD50F3E84}.Debug|Any CPU.Build.0 = Debug|Any CPU
		{69F81374-76A6-4A1C-B281-420CD50F3E84}.Release|Any CPU.ActiveCfg = Release|Any CPU
		{69F81374-76A6-4A1C-B281-420CD50F3E84}.Release|Any CPU.Build.0 = Release|Any CPU
		{DD711A1E-B642-45A1-9449-5FA03B801416}.Debug|Any CPU.ActiveCfg = Debug|Any CPU
		{DD711A1E-B642-45A1-9449-5FA03B801416}.Debug|Any CPU.Build.0 = Debug|Any CPU
		{DD711A1E-B642-45A1-9449-5FA03B801416}.Release|Any CPU.ActiveCfg = Release|Any CPU
		{DD711A1E-B642-45A1-9449-5FA03B801416}.Release|Any CPU.Build.0 = Release|Any CPU
		{BFA2CB07-DFE0-4191-AFB4-ACBD16DA99E3}.Debug|Any CPU.ActiveCfg = Debug|Any CPU
		{BFA2CB07-DFE0-4191-AFB4-ACBD16DA99E3}.Debug|Any CPU.Build.0 = Debug|Any CPU
		{BFA2CB07-DFE0-4191-AFB4-ACBD16DA99E3}.Release|Any CPU.ActiveCfg = Release|Any CPU
		{BFA2CB07-DFE0-4191-AFB4-ACBD16DA99E3}.Release|Any CPU.Build.0 = Release|Any CPU
	EndGlobalSection
	GlobalSection(SolutionProperties) = preSolution
		HideSolutionNode = FALSE
	EndGlobalSection
	GlobalSection(ExtensibilityGlobals) = postSolution
		SolutionGuid = {53BEEB8A-513D-4BFE-AC5D-2FF73AB9D3F3}
	EndGlobalSection
EndGlobal
